
Microsoft Visual Studio Solution File, Format Version 12.00
# Visual Studio Version 17
VisualStudioVersion = 17.0.31903.59
MinimumVisualStudioVersion = 10.0.40219.1
Project("{2150E333-8FDC-42A3-9474-1A3956D46DE8}") = "services", "services", "{D0F36587-8A44-48CE-A473-8595034DBEB4}"
EndProject
Project("{2150E333-8FDC-42A3-9474-1A3956D46DE8}") = "catalog", "catalog", "{66DFB8E0-5EFD-4314-B0B6-BD429A227DF3}"
EndProject
Project("{FAE04EC0-301F-11D3-BF4B-00C04F79EFBC}") = "catalog.api", "services\catalog\catalog.api\catalog.api.csproj", "{3FCBEF46-FD10-4B5A-9CC5-77644F7F317E}"
EndProject
Global
	GlobalSection(SolutionConfigurationPlatforms) = preSolution
		Debug|Any CPU = Debug|Any CPU
		Release|Any CPU = Release|Any CPU
	EndGlobalSection
	GlobalSection(SolutionProperties) = preSolution
		HideSolutionNode = FALSE
	EndGlobalSection
	GlobalSection(ProjectConfigurationPlatforms) = postSolution
		{3FCBEF46-FD10-4B5A-9CC5-77644F7F317E}.Debug|Any CPU.ActiveCfg = Debug|Any CPU
		{3FCBEF46-FD10-4B5A-9CC5-77644F7F317E}.Debug|Any CPU.Build.0 = Debug|Any CPU
		{3FCBEF46-FD10-4B5A-9CC5-77644F7F317E}.Release|Any CPU.ActiveCfg = Release|Any CPU
		{3FCBEF46-FD10-4B5A-9CC5-77644F7F317E}.Release|Any CPU.Build.0 = Release|Any CPU
	EndGlobalSection
	GlobalSection(NestedProjects) = preSolution
		{66DFB8E0-5EFD-4314-B0B6-BD429A227DF3} = {D0F36587-8A44-48CE-A473-8595034DBEB4}
		{3FCBEF46-FD10-4B5A-9CC5-77644F7F317E} = {66DFB8E0-5EFD-4314-B0B6-BD429A227DF3}
	EndGlobalSection
EndGlobal
